
Microsoft Visual Studio Solution File, Format Version 12.00
# Visual Studio Version 17
VisualStudioVersion = 17.10.35122.118
MinimumVisualStudioVersion = 10.0.40219.1
Project("{FAE04EC0-301F-11D3-BF4B-00C04F79EFBC}") = "Producer", "Producer\Producer.csproj", "{AC1751AA-EF10-4D8C-AF1F-B08813E3CDC5}"
EndProject
Project("{FAE04EC0-301F-11D3-BF4B-00C04F79EFBC}") = "Consumer", "Consumer\Consumer.csproj", "{68636BA3-9588-416B-9EE1-39C499F69D23}"
EndProject
Global
	GlobalSection(SolutionConfigurationPlatforms) = preSolution
		Debug|Any CPU = Debug|Any CPU
		Release|Any CPU = Release|Any CPU
	EndGlobalSection
	GlobalSection(ProjectConfigurationPlatforms) = postSolution
		{AC1751AA-EF10-4D8C-AF1F-B08813E3CDC5}.Debug|Any CPU.ActiveCfg = Debug|Any CPU
		{AC1751AA-EF10-4D8C-AF1F-B08813E3CDC5}.Debug|Any CPU.Build.0 = Debug|Any CPU
		{AC1751AA-EF10-4D8C-AF1F-B08813E3CDC5}.Release|Any CPU.ActiveCfg = Release|Any CPU
		{AC1751AA-EF10-4D8C-AF1F-B08813E3CDC5}.Release|Any CPU.Build.0 = Release|Any CPU
		{68636BA3-9588-416B-9EE1-39C499F69D23}.Debug|Any CPU.ActiveCfg = Debug|Any CPU
		{68636BA3-9588-416B-9EE1-39C499F69D23}.Debug|Any CPU.Build.0 = Debug|Any CPU
		{68636BA3-9588-416B-9EE1-39C499F69D23}.Release|Any CPU.ActiveCfg = Release|Any CPU
		{68636BA3-9588-416B-9EE1-39C499F69D23}.Release|Any CPU.Build.0 = Release|Any CPU
	EndGlobalSection
	GlobalSection(SolutionProperties) = preSolution
		HideSolutionNode = FALSE
	EndGlobalSection
	GlobalSection(ExtensibilityGlobals) = postSolution
		SolutionGuid = {3471688D-6A7B-4A39-9FB0-ECDED45E90B8}
	EndGlobalSection
EndGlobal
